
Microsoft Visual Studio Solution File, Format Version 12.00
# Visual Studio 15
VisualStudioVersion = 15.0.27130.2027
MinimumVisualStudioVersion = 10.0.40219.1
Project("{FAE04EC0-301F-11D3-BF4B-00C04F79EFBC}") = "WebApplication1", "WebApplication1\WebApplication1.csproj", "{ED7F0834-6000-4153-9109-1C0792694C62}"
EndProject
Global
	GlobalSection(SolutionConfigurationPlatforms) = preSolution
		Debug|Any CPU = Debug|Any CPU
		Release|Any CPU = Release|Any CPU
	EndGlobalSection
	GlobalSection(ProjectConfigurationPlatforms) = postSolution
		{ED7F0834-6000-4153-9109-1C0792694C62}.Debug|Any CPU.ActiveCfg = Debug|Any CPU
		{ED7F0834-6000-4153-9109-1C0792694C62}.Debug|Any CPU.Build.0 = Debug|Any CPU
		{ED7F0834-6000-4153-9109-1C0792694C62}.Release|Any CPU.ActiveCfg = Release|Any CPU
		{ED7F0834-6000-4153-9109-1C0792694C62}.Release|Any CPU.Build.0 = Release|Any CPU
	EndGlobalSection
	GlobalSection(SolutionProperties) = preSolution
		HideSolutionNode = FALSE
	EndGlobalSection
	GlobalSection(ExtensibilityGlobals) = postSolution
		SolutionGuid = {AA18B54C-FBC1-48E6-BEBD-4CD9A9122193}
	EndGlobalSection
EndGlobal
